
Microsoft Visual Studio Solution File, Format Version 12.00
# Visual Studio Version 16
VisualStudioVersion = 16.0.31205.134
MinimumVisualStudioVersion = 10.0.40219.1
Project("{9A19103F-16F7-4668-BE54-9A1E7A4F7556}") = "Bridge", "Bridge\Bridge.csproj", "{2E54FF32-E4B6-4C3A-8742-3CE42F4D9A20}"
EndProject
Project("{9A19103F-16F7-4668-BE54-9A1E7A4F7556}") = "Composite", "Composite\Composite.csproj", "{82E7B1D4-0DE8-4AC9-A32C-BC6FE291A827}"
EndProject
Project("{9A19103F-16F7-4668-BE54-9A1E7A4F7556}") = "Decorator", "Decorator\Decorator.csproj", "{21D2568B-BB23-4664-83B7-08E6B685B331}"
EndProject
Project("{9A19103F-16F7-4668-BE54-9A1E7A4F7556}") = "Facade", "Facade\Facade.csproj", "{8F6BB73F-47FD-4ACC-B19C-879E85E487C9}"
EndProject
Project("{9A19103F-16F7-4668-BE54-9A1E7A4F7556}") = "Flyweight", "Flyweight\Flyweight.csproj", "{B3600E10-A806-48AF-823B-1C1467BE7115}"
EndProject
Project("{9A19103F-16F7-4668-BE54-9A1E7A4F7556}") = "Proxy", "Proxy\Proxy.csproj", "{96FC6148-8033-453A-874B-C1F69E082AF8}"
EndProject
Project("{9A19103F-16F7-4668-BE54-9A1E7A4F7556}") = "Adapter", "Adapter\Adapter.csproj", "{ECFFF924-6F1F-42FC-B890-885FDE76E72C}"
EndProject
Project("{FAE04EC0-301F-11D3-BF4B-00C04F79EFBC}") = "ChainOfResponsibility", "ChainOfResponsibility\ChainOfResponsibility.csproj", "{25758051-FA1C-4F7A-A2DE-5978F33E611D}"
EndProject
Global
	GlobalSection(SolutionConfigurationPlatforms) = preSolution
		Debug|Any CPU = Debug|Any CPU
		Release|Any CPU = Release|Any CPU
	EndGlobalSection
	GlobalSection(ProjectConfigurationPlatforms) = postSolution
		{2E54FF32-E4B6-4C3A-8742-3CE42F4D9A20}.Debug|Any CPU.ActiveCfg = Debug|Any CPU
		{2E54FF32-E4B6-4C3A-8742-3CE42F4D9A20}.Debug|Any CPU.Build.0 = Debug|Any CPU
		{2E54FF32-E4B6-4C3A-8742-3CE42F4D9A20}.Release|Any CPU.ActiveCfg = Release|Any CPU
		{2E54FF32-E4B6-4C3A-8742-3CE42F4D9A20}.Release|Any CPU.Build.0 = Release|Any CPU
		{82E7B1D4-0DE8-4AC9-A32C-BC6FE291A827}.Debug|Any CPU.ActiveCfg = Debug|Any CPU
		{82E7B1D4-0DE8-4AC9-A32C-BC6FE291A827}.Debug|Any CPU.Build.0 = Debug|Any CPU
		{82E7B1D4-0DE8-4AC9-A32C-BC6FE291A827}.Release|Any CPU.ActiveCfg = Release|Any CPU
		{82E7B1D4-0DE8-4AC9-A32C-BC6FE291A827}.Release|Any CPU.Build.0 = Release|Any CPU
		{21D2568B-BB23-4664-83B7-08E6B685B331}.Debug|Any CPU.ActiveCfg = Debug|Any CPU
		{21D2568B-BB23-4664-83B7-08E6B685B331}.Debug|Any CPU.Build.0 = Debug|Any CPU
		{21D2568B-BB23-4664-83B7-08E6B685B331}.Release|Any CPU.ActiveCfg = Release|Any CPU
		{21D2568B-BB23-4664-83B7-08E6B685B331}.Release|Any CPU.Build.0 = Release|Any CPU
		{8F6BB73F-47FD-4ACC-B19C-879E85E487C9}.Debug|Any CPU.ActiveCfg = Debug|Any CPU
		{8F6BB73F-47FD-4ACC-B19C-879E85E487C9}.Debug|Any CPU.Build.0 = Debug|Any CPU
		{8F6BB73F-47FD-4ACC-B19C-879E85E487C9}.Release|Any CPU.ActiveCfg = Release|Any CPU
		{8F6BB73F-47FD-4ACC-B19C-879E85E487C9}.Release|Any CPU.Build.0 = Release|Any CPU
		{B3600E10-A806-48AF-823B-1C1467BE7115}.Debug|Any CPU.ActiveCfg = Debug|Any CPU
		{B3600E10-A806-48AF-823B-1C1467BE7115}.Debug|Any CPU.Build.0 = Debug|Any CPU
		{B3600E10-A806-48AF-823B-1C1467BE7115}.Release|Any CPU.ActiveCfg = Release|Any CPU
		{B3600E10-A806-48AF-823B-1C1467BE7115}.Release|Any CPU.Build.0 = Release|Any CPU
		{96FC6148-8033-453A-874B-C1F69E082AF8}.Debug|Any CPU.ActiveCfg = Debug|Any CPU
		{96FC6148-8033-453A-874B-C1F69E082AF8}.Debug|Any CPU.Build.0 = Debug|Any CPU
		{96FC6148-8033-453A-874B-C1F69E082AF8}.Release|Any CPU.ActiveCfg = Release|Any CPU
		{96FC6148-8033-453A-874B-C1F69E082AF8}.Release|Any CPU.Build.0 = Release|Any CPU
		{ECFFF924-6F1F-42FC-B890-885FDE76E72C}.Debug|Any CPU.ActiveCfg = Debug|Any CPU
		{ECFFF924-6F1F-42FC-B890-885FDE76E72C}.Debug|Any CPU.Build.0 = Debug|Any CPU
		{ECFFF924-6F1F-42FC-B890-885FDE76E72C}.Release|Any CPU.ActiveCfg = Release|Any CPU
		{ECFFF924-6F1F-42FC-B890-885FDE76E72C}.Release|Any CPU.Build.0 = Release|Any CPU
		{25758051-FA1C-4F7A-A2DE-5978F33E611D}.Debug|Any CPU.ActiveCfg = Debug|Any CPU
		{25758051-FA1C-4F7A-A2DE-5978F33E611D}.Debug|Any CPU.Build.0 = Debug|Any CPU
		{25758051-FA1C-4F7A-A2DE-5978F33E611D}.Release|Any CPU.ActiveCfg = Release|Any CPU
		{25758051-FA1C-4F7A-A2DE-5978F33E611D}.Release|Any CPU.Build.0 = Release|Any CPU
	EndGlobalSection
	GlobalSection(SolutionProperties) = preSolution
		HideSolutionNode = FALSE
	EndGlobalSection
	GlobalSection(ExtensibilityGlobals) = postSolution
		SolutionGuid = {F5042616-11BF-4D70-8DEB-9A20BB438D4C}
	EndGlobalSection
EndGlobal
