
Microsoft Visual Studio Solution File, Format Version 12.00
# Visual Studio Version 16
VisualStudioVersion = 16.0.31205.134
MinimumVisualStudioVersion = 10.0.40219.1
Project("{2150E333-8FDC-42A3-9474-1A3956D46DE8}") = "SOLID", "SOLID", "{8CE14331-231B-465C-B375-A873F17E73AA}"
EndProject
Project("{2150E333-8FDC-42A3-9474-1A3956D46DE8}") = "CreationalDesignPattern", "CreationalDesignPattern", "{ED22C953-0195-4E54-89D8-B0995479CAE9}"
EndProject
Project("{2150E333-8FDC-42A3-9474-1A3956D46DE8}") = "BehavioralDesignPattern", "BehavioralDesignPattern", "{31A73342-22F6-4DFB-851E-ADBF93BE1CB0}"
EndProject
Project("{2150E333-8FDC-42A3-9474-1A3956D46DE8}") = "StructuralDesignPattern", "StructuralDesignPattern", "{FB7BAF31-C524-4DC6-B2C8-A5C7C189AFA9}"
EndProject
Project("{9A19103F-16F7-4668-BE54-9A1E7A4F7556}") = "ChainOfResponsibility", "BehavioralDesignPattern\ChainOfResponsibility\ChainOfResponsibility.csproj", "{FA626660-1A48-4522-A034-7828DDE4FFEF}"
EndProject
Project("{9A19103F-16F7-4668-BE54-9A1E7A4F7556}") = "Command", "BehavioralDesignPattern\Command\Command.csproj", "{BC033BA8-B145-46E5-8390-21CC52591546}"
EndProject
Project("{9A19103F-16F7-4668-BE54-9A1E7A4F7556}") = "Interpreter", "BehavioralDesignPattern\Interpreter\Interpreter.csproj", "{9AAEF1C4-CFA7-48FE-AA6D-2BE09C9E1E34}"
EndProject
Project("{9A19103F-16F7-4668-BE54-9A1E7A4F7556}") = "Iterator", "BehavioralDesignPattern\Iterator\Iterator.csproj", "{51695441-EF13-46C8-B67F-B9C0BEEBC927}"
EndProject
Project("{9A19103F-16F7-4668-BE54-9A1E7A4F7556}") = "Mediator", "BehavioralDesignPattern\Mediator\Mediator.csproj", "{04AAB7F0-7655-4DE9-9137-89D790F95A11}"
EndProject
Project("{9A19103F-16F7-4668-BE54-9A1E7A4F7556}") = "Memento", "BehavioralDesignPattern\Memento\Memento.csproj", "{1022371E-EA9B-4A50-841B-833F948C5FCA}"
EndProject
Project("{9A19103F-16F7-4668-BE54-9A1E7A4F7556}") = "NullObject", "BehavioralDesignPattern\NullObject\NullObject.csproj", "{300BEA03-9201-4C8D-A79E-9B218C6DFB0E}"
EndProject
Project("{9A19103F-16F7-4668-BE54-9A1E7A4F7556}") = "Observer", "BehavioralDesignPattern\Observer\Observer.csproj", "{487CD149-5587-4E4D-90CD-FB14FAB1E86E}"
EndProject
Project("{9A19103F-16F7-4668-BE54-9A1E7A4F7556}") = "State", "BehavioralDesignPattern\State\State.csproj", "{08B5948C-699D-4262-8C38-26E2131EBDEF}"
EndProject
Project("{9A19103F-16F7-4668-BE54-9A1E7A4F7556}") = "Strategy", "BehavioralDesignPattern\Strategy\Strategy.csproj", "{1424406E-C1D9-4472-88D1-577382BFFB1E}"
EndProject
Project("{9A19103F-16F7-4668-BE54-9A1E7A4F7556}") = "TemplateMethod", "BehavioralDesignPattern\TemplateMethod\TemplateMethod.csproj", "{67547FB7-0194-466B-B077-F6DAFE9003F8}"
EndProject
Project("{9A19103F-16F7-4668-BE54-9A1E7A4F7556}") = "Visitor", "BehavioralDesignPattern\Visitor\Visitor.csproj", "{6763B973-BAB9-4074-BC09-EAB9BEEC131B}"
EndProject
Project("{9A19103F-16F7-4668-BE54-9A1E7A4F7556}") = "Prototype", "CreationalDesignPattern\Prototype\Prototype.csproj", "{25D94E30-0A26-4223-843D-8E1FDD7DAFC2}"
EndProject
Project("{9A19103F-16F7-4668-BE54-9A1E7A4F7556}") = "Singleton", "CreationalDesignPattern\Singleton\Singleton.csproj", "{2546EA62-A56D-4BB4-9A75-0C4F92F9E133}"
EndProject
Project("{9A19103F-16F7-4668-BE54-9A1E7A4F7556}") = "Adapter", "StructuralDesignPattern\Adapter\Adapter.csproj", "{917A6075-B967-4A65-9E64-8978234C042B}"
EndProject
Project("{9A19103F-16F7-4668-BE54-9A1E7A4F7556}") = "Bridge", "StructuralDesignPattern\Bridge\Bridge.csproj", "{8693951D-B40F-4671-AE39-CD017B1CE512}"
EndProject
Project("{9A19103F-16F7-4668-BE54-9A1E7A4F7556}") = "Composite", "StructuralDesignPattern\Composite\Composite.csproj", "{C3CFD657-C6AA-4CCD-B75C-ADC3A3103D40}"
EndProject
Project("{9A19103F-16F7-4668-BE54-9A1E7A4F7556}") = "Decorator", "StructuralDesignPattern\Decorator\Decorator.csproj", "{82A30527-3FB5-443D-A428-A1478E2C15BC}"
EndProject
Project("{9A19103F-16F7-4668-BE54-9A1E7A4F7556}") = "Facade", "StructuralDesignPattern\Facade\Facade.csproj", "{24F79F74-D78B-434B-B08E-436684FD0802}"
EndProject
Project("{9A19103F-16F7-4668-BE54-9A1E7A4F7556}") = "Flyweight", "StructuralDesignPattern\Flyweight\Flyweight.csproj", "{4729C70F-50C3-47DB-B842-A07ACA92A33B}"
EndProject
Project("{9A19103F-16F7-4668-BE54-9A1E7A4F7556}") = "Proxy", "StructuralDesignPattern\Proxy\Proxy.csproj", "{D7A3B7CC-E56B-46DB-A913-31FF0F234951}"
EndProject
Project("{9A19103F-16F7-4668-BE54-9A1E7A4F7556}") = "DIP", "SOLID\DIP\DIP.csproj", "{1C2970F1-1465-42CF-B822-B094B754450A}"
EndProject
Project("{9A19103F-16F7-4668-BE54-9A1E7A4F7556}") = "ISP", "SOLID\ISP\ISP.csproj", "{63D7E3DE-28F8-4E96-A8A9-FB7BCA80BEE9}"
EndProject
Project("{9A19103F-16F7-4668-BE54-9A1E7A4F7556}") = "LSP", "SOLID\LSP\LSP.csproj", "{89616DF7-33E1-4F4B-ADEB-9F28FAAEFA2E}"
EndProject
Project("{9A19103F-16F7-4668-BE54-9A1E7A4F7556}") = "OCP", "SOLID\OCP\OCP.csproj", "{025B5936-8188-478E-B096-99E0F1040D69}"
EndProject
Project("{9A19103F-16F7-4668-BE54-9A1E7A4F7556}") = "SRP", "SOLID\SRP\SRP.csproj", "{67826E4F-6888-4739-B487-5C6EF5998E9B}"
EndProject
Project("{FAE04EC0-301F-11D3-BF4B-00C04F79EFBC}") = "Builder", "Builder\Builder.csproj", "{FA8F69A4-358C-4FE4-ACBD-1892A05BA6DE}"
EndProject
Global
	GlobalSection(SolutionConfigurationPlatforms) = preSolution
		Debug|Any CPU = Debug|Any CPU
		Release|Any CPU = Release|Any CPU
	EndGlobalSection
	GlobalSection(ProjectConfigurationPlatforms) = postSolution
		{FA626660-1A48-4522-A034-7828DDE4FFEF}.Debug|Any CPU.ActiveCfg = Debug|Any CPU
		{FA626660-1A48-4522-A034-7828DDE4FFEF}.Debug|Any CPU.Build.0 = Debug|Any CPU
		{FA626660-1A48-4522-A034-7828DDE4FFEF}.Release|Any CPU.ActiveCfg = Release|Any CPU
		{FA626660-1A48-4522-A034-7828DDE4FFEF}.Release|Any CPU.Build.0 = Release|Any CPU
		{BC033BA8-B145-46E5-8390-21CC52591546}.Debug|Any CPU.ActiveCfg = Debug|Any CPU
		{BC033BA8-B145-46E5-8390-21CC52591546}.Debug|Any CPU.Build.0 = Debug|Any CPU
		{BC033BA8-B145-46E5-8390-21CC52591546}.Release|Any CPU.ActiveCfg = Release|Any CPU
		{BC033BA8-B145-46E5-8390-21CC52591546}.Release|Any CPU.Build.0 = Release|Any CPU
		{9AAEF1C4-CFA7-48FE-AA6D-2BE09C9E1E34}.Debug|Any CPU.ActiveCfg = Debug|Any CPU
		{9AAEF1C4-CFA7-48FE-AA6D-2BE09C9E1E34}.Debug|Any CPU.Build.0 = Debug|Any CPU
		{9AAEF1C4-CFA7-48FE-AA6D-2BE09C9E1E34}.Release|Any CPU.ActiveCfg = Release|Any CPU
		{9AAEF1C4-CFA7-48FE-AA6D-2BE09C9E1E34}.Release|Any CPU.Build.0 = Release|Any CPU
		{51695441-EF13-46C8-B67F-B9C0BEEBC927}.Debug|Any CPU.ActiveCfg = Debug|Any CPU
		{51695441-EF13-46C8-B67F-B9C0BEEBC927}.Debug|Any CPU.Build.0 = Debug|Any CPU
		{51695441-EF13-46C8-B67F-B9C0BEEBC927}.Release|Any CPU.ActiveCfg = Release|Any CPU
		{51695441-EF13-46C8-B67F-B9C0BEEBC927}.Release|Any CPU.Build.0 = Release|Any CPU
		{04AAB7F0-7655-4DE9-9137-89D790F95A11}.Debug|Any CPU.ActiveCfg = Debug|Any CPU
		{04AAB7F0-7655-4DE9-9137-89D790F95A11}.Debug|Any CPU.Build.0 = Debug|Any CPU
		{04AAB7F0-7655-4DE9-9137-89D790F95A11}.Release|Any CPU.ActiveCfg = Release|Any CPU
		{04AAB7F0-7655-4DE9-9137-89D790F95A11}.Release|Any CPU.Build.0 = Release|Any CPU
		{1022371E-EA9B-4A50-841B-833F948C5FCA}.Debug|Any CPU.ActiveCfg = Debug|Any CPU
		{1022371E-EA9B-4A50-841B-833F948C5FCA}.Debug|Any CPU.Build.0 = Debug|Any CPU
		{1022371E-EA9B-4A50-841B-833F948C5FCA}.Release|Any CPU.ActiveCfg = Release|Any CPU
		{1022371E-EA9B-4A50-841B-833F948C5FCA}.Release|Any CPU.Build.0 = Release|Any CPU
		{300BEA03-9201-4C8D-A79E-9B218C6DFB0E}.Debug|Any CPU.ActiveCfg = Debug|Any CPU
		{300BEA03-9201-4C8D-A79E-9B218C6DFB0E}.Debug|Any CPU.Build.0 = Debug|Any CPU
		{300BEA03-9201-4C8D-A79E-9B218C6DFB0E}.Release|Any CPU.ActiveCfg = Release|Any CPU
		{300BEA03-9201-4C8D-A79E-9B218C6DFB0E}.Release|Any CPU.Build.0 = Release|Any CPU
		{487CD149-5587-4E4D-90CD-FB14FAB1E86E}.Debug|Any CPU.ActiveCfg = Debug|Any CPU
		{487CD149-5587-4E4D-90CD-FB14FAB1E86E}.Debug|Any CPU.Build.0 = Debug|Any CPU
		{487CD149-5587-4E4D-90CD-FB14FAB1E86E}.Release|Any CPU.ActiveCfg = Release|Any CPU
		{487CD149-5587-4E4D-90CD-FB14FAB1E86E}.Release|Any CPU.Build.0 = Release|Any CPU
		{08B5948C-699D-4262-8C38-26E2131EBDEF}.Debug|Any CPU.ActiveCfg = Debug|Any CPU
		{08B5948C-699D-4262-8C38-26E2131EBDEF}.Debug|Any CPU.Build.0 = Debug|Any CPU
		{08B5948C-699D-4262-8C38-26E2131EBDEF}.Release|Any CPU.ActiveCfg = Release|Any CPU
		{08B5948C-699D-4262-8C38-26E2131EBDEF}.Release|Any CPU.Build.0 = Release|Any CPU
		{1424406E-C1D9-4472-88D1-577382BFFB1E}.Debug|Any CPU.ActiveCfg = Debug|Any CPU
		{1424406E-C1D9-4472-88D1-577382BFFB1E}.Debug|Any CPU.Build.0 = Debug|Any CPU
		{1424406E-C1D9-4472-88D1-577382BFFB1E}.Release|Any CPU.ActiveCfg = Release|Any CPU
		{1424406E-C1D9-4472-88D1-577382BFFB1E}.Release|Any CPU.Build.0 = Release|Any CPU
		{67547FB7-0194-466B-B077-F6DAFE9003F8}.Debug|Any CPU.ActiveCfg = Debug|Any CPU
		{67547FB7-0194-466B-B077-F6DAFE9003F8}.Debug|Any CPU.Build.0 = Debug|Any CPU
		{67547FB7-0194-466B-B077-F6DAFE9003F8}.Release|Any CPU.ActiveCfg = Release|Any CPU
		{67547FB7-0194-466B-B077-F6DAFE9003F8}.Release|Any CPU.Build.0 = Release|Any CPU
		{6763B973-BAB9-4074-BC09-EAB9BEEC131B}.Debug|Any CPU.ActiveCfg = Debug|Any CPU
		{6763B973-BAB9-4074-BC09-EAB9BEEC131B}.Debug|Any CPU.Build.0 = Debug|Any CPU
		{6763B973-BAB9-4074-BC09-EAB9BEEC131B}.Release|Any CPU.ActiveCfg = Release|Any CPU
		{6763B973-BAB9-4074-BC09-EAB9BEEC131B}.Release|Any CPU.Build.0 = Release|Any CPU
		{25D94E30-0A26-4223-843D-8E1FDD7DAFC2}.Debug|Any CPU.ActiveCfg = Debug|Any CPU
		{25D94E30-0A26-4223-843D-8E1FDD7DAFC2}.Debug|Any CPU.Build.0 = Debug|Any CPU
		{25D94E30-0A26-4223-843D-8E1FDD7DAFC2}.Release|Any CPU.ActiveCfg = Release|Any CPU
		{25D94E30-0A26-4223-843D-8E1FDD7DAFC2}.Release|Any CPU.Build.0 = Release|Any CPU
		{2546EA62-A56D-4BB4-9A75-0C4F92F9E133}.Debug|Any CPU.ActiveCfg = Debug|Any CPU
		{2546EA62-A56D-4BB4-9A75-0C4F92F9E133}.Debug|Any CPU.Build.0 = Debug|Any CPU
		{2546EA62-A56D-4BB4-9A75-0C4F92F9E133}.Release|Any CPU.ActiveCfg = Release|Any CPU
		{2546EA62-A56D-4BB4-9A75-0C4F92F9E133}.Release|Any CPU.Build.0 = Release|Any CPU
		{917A6075-B967-4A65-9E64-8978234C042B}.Debug|Any CPU.ActiveCfg = Debug|Any CPU
		{917A6075-B967-4A65-9E64-8978234C042B}.Debug|Any CPU.Build.0 = Debug|Any CPU
		{917A6075-B967-4A65-9E64-8978234C042B}.Release|Any CPU.ActiveCfg = Release|Any CPU
		{917A6075-B967-4A65-9E64-8978234C042B}.Release|Any CPU.Build.0 = Release|Any CPU
		{8693951D-B40F-4671-AE39-CD017B1CE512}.Debug|Any CPU.ActiveCfg = Debug|Any CPU
		{8693951D-B40F-4671-AE39-CD017B1CE512}.Debug|Any CPU.Build.0 = Debug|Any CPU
		{8693951D-B40F-4671-AE39-CD017B1CE512}.Release|Any CPU.ActiveCfg = Release|Any CPU
		{8693951D-B40F-4671-AE39-CD017B1CE512}.Release|Any CPU.Build.0 = Release|Any CPU
		{C3CFD657-C6AA-4CCD-B75C-ADC3A3103D40}.Debug|Any CPU.ActiveCfg = Debug|Any CPU
		{C3CFD657-C6AA-4CCD-B75C-ADC3A3103D40}.Debug|Any CPU.Build.0 = Debug|Any CPU
		{C3CFD657-C6AA-4CCD-B75C-ADC3A3103D40}.Release|Any CPU.ActiveCfg = Release|Any CPU
		{C3CFD657-C6AA-4CCD-B75C-ADC3A3103D40}.Release|Any CPU.Build.0 = Release|Any CPU
		{82A30527-3FB5-443D-A428-A1478E2C15BC}.Debug|Any CPU.ActiveCfg = Debug|Any CPU
		{82A30527-3FB5-443D-A428-A1478E2C15BC}.Debug|Any CPU.Build.0 = Debug|Any CPU
		{82A30527-3FB5-443D-A428-A1478E2C15BC}.Release|Any CPU.ActiveCfg = Release|Any CPU
		{82A30527-3FB5-443D-A428-A1478E2C15BC}.Release|Any CPU.Build.0 = Release|Any CPU
		{24F79F74-D78B-434B-B08E-436684FD0802}.Debug|Any CPU.ActiveCfg = Debug|Any CPU
		{24F79F74-D78B-434B-B08E-436684FD0802}.Debug|Any CPU.Build.0 = Debug|Any CPU
		{24F79F74-D78B-434B-B08E-436684FD0802}.Release|Any CPU.ActiveCfg = Release|Any CPU
		{24F79F74-D78B-434B-B08E-436684FD0802}.Release|Any CPU.Build.0 = Release|Any CPU
		{4729C70F-50C3-47DB-B842-A07ACA92A33B}.Debug|Any CPU.ActiveCfg = Debug|Any CPU
		{4729C70F-50C3-47DB-B842-A07ACA92A33B}.Debug|Any CPU.Build.0 = Debug|Any CPU
		{4729C70F-50C3-47DB-B842-A07ACA92A33B}.Release|Any CPU.ActiveCfg = Release|Any CPU
		{4729C70F-50C3-47DB-B842-A07ACA92A33B}.Release|Any CPU.Build.0 = Release|Any CPU
		{D7A3B7CC-E56B-46DB-A913-31FF0F234951}.Debug|Any CPU.ActiveCfg = Debug|Any CPU
		{D7A3B7CC-E56B-46DB-A913-31FF0F234951}.Debug|Any CPU.Build.0 = Debug|Any CPU
		{D7A3B7CC-E56B-46DB-A913-31FF0F234951}.Release|Any CPU.ActiveCfg = Release|Any CPU
		{D7A3B7CC-E56B-46DB-A913-31FF0F234951}.Release|Any CPU.Build.0 = Release|Any CPU
		{1C2970F1-1465-42CF-B822-B094B754450A}.Debug|Any CPU.ActiveCfg = Debug|Any CPU
		{1C2970F1-1465-42CF-B822-B094B754450A}.Debug|Any CPU.Build.0 = Debug|Any CPU
		{1C2970F1-1465-42CF-B822-B094B754450A}.Release|Any CPU.ActiveCfg = Release|Any CPU
		{1C2970F1-1465-42CF-B822-B094B754450A}.Release|Any CPU.Build.0 = Release|Any CPU
		{63D7E3DE-28F8-4E96-A8A9-FB7BCA80BEE9}.Debug|Any CPU.ActiveCfg = Debug|Any CPU
		{63D7E3DE-28F8-4E96-A8A9-FB7BCA80BEE9}.Debug|Any CPU.Build.0 = Debug|Any CPU
		{63D7E3DE-28F8-4E96-A8A9-FB7BCA80BEE9}.Release|Any CPU.ActiveCfg = Release|Any CPU
		{63D7E3DE-28F8-4E96-A8A9-FB7BCA80BEE9}.Release|Any CPU.Build.0 = Release|Any CPU
		{89616DF7-33E1-4F4B-ADEB-9F28FAAEFA2E}.Debug|Any CPU.ActiveCfg = Debug|Any CPU
		{89616DF7-33E1-4F4B-ADEB-9F28FAAEFA2E}.Debug|Any CPU.Build.0 = Debug|Any CPU
		{89616DF7-33E1-4F4B-ADEB-9F28FAAEFA2E}.Release|Any CPU.ActiveCfg = Release|Any CPU
		{89616DF7-33E1-4F4B-ADEB-9F28FAAEFA2E}.Release|Any CPU.Build.0 = Release|Any CPU
		{025B5936-8188-478E-B096-99E0F1040D69}.Debug|Any CPU.ActiveCfg = Debug|Any CPU
		{025B5936-8188-478E-B096-99E0F1040D69}.Debug|Any CPU.Build.0 = Debug|Any CPU
		{025B5936-8188-478E-B096-99E0F1040D69}.Release|Any CPU.ActiveCfg = Release|Any CPU
		{025B5936-8188-478E-B096-99E0F1040D69}.Release|Any CPU.Build.0 = Release|Any CPU
		{67826E4F-6888-4739-B487-5C6EF5998E9B}.Debug|Any CPU.ActiveCfg = Debug|Any CPU
		{67826E4F-6888-4739-B487-5C6EF5998E9B}.Debug|Any CPU.Build.0 = Debug|Any CPU
		{67826E4F-6888-4739-B487-5C6EF5998E9B}.Release|Any CPU.ActiveCfg = Release|Any CPU
		{67826E4F-6888-4739-B487-5C6EF5998E9B}.Release|Any CPU.Build.0 = Release|Any CPU
		{FA8F69A4-358C-4FE4-ACBD-1892A05BA6DE}.Debug|Any CPU.ActiveCfg = Debug|Any CPU
		{FA8F69A4-358C-4FE4-ACBD-1892A05BA6DE}.Debug|Any CPU.Build.0 = Debug|Any CPU
		{FA8F69A4-358C-4FE4-ACBD-1892A05BA6DE}.Release|Any CPU.ActiveCfg = Release|Any CPU
		{FA8F69A4-358C-4FE4-ACBD-1892A05BA6DE}.Release|Any CPU.Build.0 = Release|Any CPU
	EndGlobalSection
	GlobalSection(SolutionProperties) = preSolution
		HideSolutionNode = FALSE
	EndGlobalSection
	GlobalSection(NestedProjects) = preSolution
		{FA626660-1A48-4522-A034-7828DDE4FFEF} = {31A73342-22F6-4DFB-851E-ADBF93BE1CB0}
		{BC033BA8-B145-46E5-8390-21CC52591546} = {31A73342-22F6-4DFB-851E-ADBF93BE1CB0}
		{9AAEF1C4-CFA7-48FE-AA6D-2BE09C9E1E34} = {31A73342-22F6-4DFB-851E-ADBF93BE1CB0}
		{51695441-EF13-46C8-B67F-B9C0BEEBC927} = {31A73342-22F6-4DFB-851E-ADBF93BE1CB0}
		{04AAB7F0-7655-4DE9-9137-89D790F95A11} = {31A73342-22F6-4DFB-851E-ADBF93BE1CB0}
		{1022371E-EA9B-4A50-841B-833F948C5FCA} = {31A73342-22F6-4DFB-851E-ADBF93BE1CB0}
		{300BEA03-9201-4C8D-A79E-9B218C6DFB0E} = {31A73342-22F6-4DFB-851E-ADBF93BE1CB0}
		{487CD149-5587-4E4D-90CD-FB14FAB1E86E} = {31A73342-22F6-4DFB-851E-ADBF93BE1CB0}
		{08B5948C-699D-4262-8C38-26E2131EBDEF} = {31A73342-22F6-4DFB-851E-ADBF93BE1CB0}
		{1424406E-C1D9-4472-88D1-577382BFFB1E} = {31A73342-22F6-4DFB-851E-ADBF93BE1CB0}
		{67547FB7-0194-466B-B077-F6DAFE9003F8} = {31A73342-22F6-4DFB-851E-ADBF93BE1CB0}
		{6763B973-BAB9-4074-BC09-EAB9BEEC131B} = {31A73342-22F6-4DFB-851E-ADBF93BE1CB0}
		{25D94E30-0A26-4223-843D-8E1FDD7DAFC2} = {ED22C953-0195-4E54-89D8-B0995479CAE9}
		{2546EA62-A56D-4BB4-9A75-0C4F92F9E133} = {ED22C953-0195-4E54-89D8-B0995479CAE9}
		{917A6075-B967-4A65-9E64-8978234C042B} = {FB7BAF31-C524-4DC6-B2C8-A5C7C189AFA9}
		{8693951D-B40F-4671-AE39-CD017B1CE512} = {FB7BAF31-C524-4DC6-B2C8-A5C7C189AFA9}
		{C3CFD657-C6AA-4CCD-B75C-ADC3A3103D40} = {FB7BAF31-C524-4DC6-B2C8-A5C7C189AFA9}
		{82A30527-3FB5-443D-A428-A1478E2C15BC} = {FB7BAF31-C524-4DC6-B2C8-A5C7C189AFA9}
		{24F79F74-D78B-434B-B08E-436684FD0802} = {FB7BAF31-C524-4DC6-B2C8-A5C7C189AFA9}
		{4729C70F-50C3-47DB-B842-A07ACA92A33B} = {FB7BAF31-C524-4DC6-B2C8-A5C7C189AFA9}
		{D7A3B7CC-E56B-46DB-A913-31FF0F234951} = {FB7BAF31-C524-4DC6-B2C8-A5C7C189AFA9}
		{1C2970F1-1465-42CF-B822-B094B754450A} = {8CE14331-231B-465C-B375-A873F17E73AA}
		{63D7E3DE-28F8-4E96-A8A9-FB7BCA80BEE9} = {8CE14331-231B-465C-B375-A873F17E73AA}
		{89616DF7-33E1-4F4B-ADEB-9F28FAAEFA2E} = {8CE14331-231B-465C-B375-A873F17E73AA}
		{025B5936-8188-478E-B096-99E0F1040D69} = {8CE14331-231B-465C-B375-A873F17E73AA}
		{67826E4F-6888-4739-B487-5C6EF5998E9B} = {8CE14331-231B-465C-B375-A873F17E73AA}
		{FA8F69A4-358C-4FE4-ACBD-1892A05BA6DE} = {ED22C953-0195-4E54-89D8-B0995479CAE9}
	EndGlobalSection
	GlobalSection(ExtensibilityGlobals) = postSolution
		SolutionGuid = {F5042616-11BF-4D70-8DEB-9A20BB438D4C}
	EndGlobalSection
EndGlobal
