
Microsoft Visual Studio Solution File, Format Version 12.00
# Visual Studio Version 16
VisualStudioVersion = 16.0.31205.134
MinimumVisualStudioVersion = 10.0.40219.1
Project("{9A19103F-16F7-4668-BE54-9A1E7A4F7556}") = "Bridge", "Bridge\Bridge.csproj", "{2E54FF32-E4B6-4C3A-8742-3CE42F4D9A20}"
EndProject
Project("{9A19103F-16F7-4668-BE54-9A1E7A4F7556}") = "Composite", "Composite\Composite.csproj", "{82E7B1D4-0DE8-4AC9-A32C-BC6FE291A827}"
EndProject
Project("{9A19103F-16F7-4668-BE54-9A1E7A4F7556}") = "Decorator", "Decorator\Decorator.csproj", "{21D2568B-BB23-4664-83B7-08E6B685B331}"
EndProject
Project("{9A19103F-16F7-4668-BE54-9A1E7A4F7556}") = "Facade", "Facade\Facade.csproj", "{8F6BB73F-47FD-4ACC-B19C-879E85E487C9}"
EndProject
Project("{9A19103F-16F7-4668-BE54-9A1E7A4F7556}") = "Flyweight", "Flyweight\Flyweight.csproj", "{B3600E10-A806-48AF-823B-1C1467BE7115}"
EndProject
Project("{9A19103F-16F7-4668-BE54-9A1E7A4F7556}") = "Proxy", "Proxy\Proxy.csproj", "{96FC6148-8033-453A-874B-C1F69E082AF8}"
EndProject
Project("{9A19103F-16F7-4668-BE54-9A1E7A4F7556}") = "Adapter", "Adapter\Adapter.csproj", "{ECFFF924-6F1F-42FC-B890-885FDE76E72C}"
EndProject
Project("{9A19103F-16F7-4668-BE54-9A1E7A4F7556}") = "ChainOfResponsibility", "ChainOfResponsibility\ChainOfResponsibility.csproj", "{25758051-FA1C-4F7A-A2DE-5978F33E611D}"
EndProject
Project("{9A19103F-16F7-4668-BE54-9A1E7A4F7556}") = "Command", "Command\Command.csproj", "{96CC208A-0444-44C3-8571-4AF93A267AB8}"
EndProject
Project("{9A19103F-16F7-4668-BE54-9A1E7A4F7556}") = "Interpreter", "Interpreter\Interpreter.csproj", "{7FF46A43-372C-4C64-84DC-0F52D7BC7F31}"
EndProject
Project("{9A19103F-16F7-4668-BE54-9A1E7A4F7556}") = "Iterator", "Iterator\Iterator.csproj", "{EA692623-5ECF-4D9B-AB14-A9B433D84C69}"
EndProject
Project("{9A19103F-16F7-4668-BE54-9A1E7A4F7556}") = "Mediator", "Mediator\Mediator.csproj", "{F8A558D1-7D44-4BBF-8761-1EE2DC1CEB46}"
EndProject
Project("{9A19103F-16F7-4668-BE54-9A1E7A4F7556}") = "Memento", "Memento\Memento.csproj", "{3B7D45F5-9D7F-46EB-A9B2-FDC3E4196545}"
EndProject
Project("{9A19103F-16F7-4668-BE54-9A1E7A4F7556}") = "NullObject", "NullObject\NullObject.csproj", "{D9AC316E-84A7-483F-B244-CDB9D26E22BB}"
EndProject
Project("{9A19103F-16F7-4668-BE54-9A1E7A4F7556}") = "Observer", "Observer\Observer.csproj", "{6524944F-14C0-4549-B627-0D158A915C0D}"
EndProject
Project("{9A19103F-16F7-4668-BE54-9A1E7A4F7556}") = "State", "State\State.csproj", "{4C27A7AC-83A1-409F-9E47-1527E914919C}"
EndProject
Project("{9A19103F-16F7-4668-BE54-9A1E7A4F7556}") = "Strategy", "Strategy\Strategy.csproj", "{004325A0-EB36-45E3-A052-7B81F3288E68}"
EndProject
Project("{FAE04EC0-301F-11D3-BF4B-00C04F79EFBC}") = "TemplateMethod", "TemplateMethod\TemplateMethod.csproj", "{F38449EA-B102-4775-8030-E6A798031344}"
EndProject
Project("{FAE04EC0-301F-11D3-BF4B-00C04F79EFBC}") = "Visitor", "Visitor\Visitor.csproj", "{6925FDA6-1913-4A79-9339-CBF544164B9E}"
EndProject
Project("{FAE04EC0-301F-11D3-BF4B-00C04F79EFBC}") = "Prototype", "Prototype\Prototype.csproj", "{A3C35C9B-2035-4AD3-83EF-68C81E98C3EC}"
EndProject
Project("{FAE04EC0-301F-11D3-BF4B-00C04F79EFBC}") = "Singleton", "Singleton\Singleton.csproj", "{AA269533-30BD-4A68-B9BD-D785DBF0526F}"
EndProject
Project("{2150E333-8FDC-42A3-9474-1A3956D46DE8}") = "Solid", "Solid", "{B8B40DA7-A36C-424B-9C6E-63C19F6AA5A3}"
EndProject
Project("{FAE04EC0-301F-11D3-BF4B-00C04F79EFBC}") = "SRP", "SRP\SRP.csproj", "{EA6A4227-B34F-4686-843D-4C294ADF3484}"
EndProject
Project("{FAE04EC0-301F-11D3-BF4B-00C04F79EFBC}") = "OCP", "OCP\OCP.csproj", "{1F39190E-028F-46CD-B682-8460AFA0BCF8}"
EndProject
Project("{FAE04EC0-301F-11D3-BF4B-00C04F79EFBC}") = "LSP", "LSP\LSP.csproj", "{F413F315-54F4-4673-80F3-DD32385A1AF8}"
EndProject
Project("{FAE04EC0-301F-11D3-BF4B-00C04F79EFBC}") = "ISP", "ISP\ISP.csproj", "{AC99AE33-D5B1-40C1-9CC1-927283C97740}"
EndProject
Project("{FAE04EC0-301F-11D3-BF4B-00C04F79EFBC}") = "DIP", "DIP\DIP.csproj", "{BFC119CE-F5E7-47E5-9CD7-B81213EE7D03}"
EndProject
Global
	GlobalSection(SolutionConfigurationPlatforms) = preSolution
		Debug|Any CPU = Debug|Any CPU
		Release|Any CPU = Release|Any CPU
	EndGlobalSection
	GlobalSection(ProjectConfigurationPlatforms) = postSolution
		{2E54FF32-E4B6-4C3A-8742-3CE42F4D9A20}.Debug|Any CPU.ActiveCfg = Debug|Any CPU
		{2E54FF32-E4B6-4C3A-8742-3CE42F4D9A20}.Debug|Any CPU.Build.0 = Debug|Any CPU
		{2E54FF32-E4B6-4C3A-8742-3CE42F4D9A20}.Release|Any CPU.ActiveCfg = Release|Any CPU
		{2E54FF32-E4B6-4C3A-8742-3CE42F4D9A20}.Release|Any CPU.Build.0 = Release|Any CPU
		{82E7B1D4-0DE8-4AC9-A32C-BC6FE291A827}.Debug|Any CPU.ActiveCfg = Debug|Any CPU
		{82E7B1D4-0DE8-4AC9-A32C-BC6FE291A827}.Debug|Any CPU.Build.0 = Debug|Any CPU
		{82E7B1D4-0DE8-4AC9-A32C-BC6FE291A827}.Release|Any CPU.ActiveCfg = Release|Any CPU
		{82E7B1D4-0DE8-4AC9-A32C-BC6FE291A827}.Release|Any CPU.Build.0 = Release|Any CPU
		{21D2568B-BB23-4664-83B7-08E6B685B331}.Debug|Any CPU.ActiveCfg = Debug|Any CPU
		{21D2568B-BB23-4664-83B7-08E6B685B331}.Debug|Any CPU.Build.0 = Debug|Any CPU
		{21D2568B-BB23-4664-83B7-08E6B685B331}.Release|Any CPU.ActiveCfg = Release|Any CPU
		{21D2568B-BB23-4664-83B7-08E6B685B331}.Release|Any CPU.Build.0 = Release|Any CPU
		{8F6BB73F-47FD-4ACC-B19C-879E85E487C9}.Debug|Any CPU.ActiveCfg = Debug|Any CPU
		{8F6BB73F-47FD-4ACC-B19C-879E85E487C9}.Debug|Any CPU.Build.0 = Debug|Any CPU
		{8F6BB73F-47FD-4ACC-B19C-879E85E487C9}.Release|Any CPU.ActiveCfg = Release|Any CPU
		{8F6BB73F-47FD-4ACC-B19C-879E85E487C9}.Release|Any CPU.Build.0 = Release|Any CPU
		{B3600E10-A806-48AF-823B-1C1467BE7115}.Debug|Any CPU.ActiveCfg = Debug|Any CPU
		{B3600E10-A806-48AF-823B-1C1467BE7115}.Debug|Any CPU.Build.0 = Debug|Any CPU
		{B3600E10-A806-48AF-823B-1C1467BE7115}.Release|Any CPU.ActiveCfg = Release|Any CPU
		{B3600E10-A806-48AF-823B-1C1467BE7115}.Release|Any CPU.Build.0 = Release|Any CPU
		{96FC6148-8033-453A-874B-C1F69E082AF8}.Debug|Any CPU.ActiveCfg = Debug|Any CPU
		{96FC6148-8033-453A-874B-C1F69E082AF8}.Debug|Any CPU.Build.0 = Debug|Any CPU
		{96FC6148-8033-453A-874B-C1F69E082AF8}.Release|Any CPU.ActiveCfg = Release|Any CPU
		{96FC6148-8033-453A-874B-C1F69E082AF8}.Release|Any CPU.Build.0 = Release|Any CPU
		{ECFFF924-6F1F-42FC-B890-885FDE76E72C}.Debug|Any CPU.ActiveCfg = Debug|Any CPU
		{ECFFF924-6F1F-42FC-B890-885FDE76E72C}.Debug|Any CPU.Build.0 = Debug|Any CPU
		{ECFFF924-6F1F-42FC-B890-885FDE76E72C}.Release|Any CPU.ActiveCfg = Release|Any CPU
		{ECFFF924-6F1F-42FC-B890-885FDE76E72C}.Release|Any CPU.Build.0 = Release|Any CPU
		{25758051-FA1C-4F7A-A2DE-5978F33E611D}.Debug|Any CPU.ActiveCfg = Debug|Any CPU
		{25758051-FA1C-4F7A-A2DE-5978F33E611D}.Debug|Any CPU.Build.0 = Debug|Any CPU
		{25758051-FA1C-4F7A-A2DE-5978F33E611D}.Release|Any CPU.ActiveCfg = Release|Any CPU
		{25758051-FA1C-4F7A-A2DE-5978F33E611D}.Release|Any CPU.Build.0 = Release|Any CPU
		{96CC208A-0444-44C3-8571-4AF93A267AB8}.Debug|Any CPU.ActiveCfg = Debug|Any CPU
		{96CC208A-0444-44C3-8571-4AF93A267AB8}.Debug|Any CPU.Build.0 = Debug|Any CPU
		{96CC208A-0444-44C3-8571-4AF93A267AB8}.Release|Any CPU.ActiveCfg = Release|Any CPU
		{96CC208A-0444-44C3-8571-4AF93A267AB8}.Release|Any CPU.Build.0 = Release|Any CPU
		{7FF46A43-372C-4C64-84DC-0F52D7BC7F31}.Debug|Any CPU.ActiveCfg = Debug|Any CPU
		{7FF46A43-372C-4C64-84DC-0F52D7BC7F31}.Debug|Any CPU.Build.0 = Debug|Any CPU
		{7FF46A43-372C-4C64-84DC-0F52D7BC7F31}.Release|Any CPU.ActiveCfg = Release|Any CPU
		{7FF46A43-372C-4C64-84DC-0F52D7BC7F31}.Release|Any CPU.Build.0 = Release|Any CPU
		{EA692623-5ECF-4D9B-AB14-A9B433D84C69}.Debug|Any CPU.ActiveCfg = Debug|Any CPU
		{EA692623-5ECF-4D9B-AB14-A9B433D84C69}.Debug|Any CPU.Build.0 = Debug|Any CPU
		{EA692623-5ECF-4D9B-AB14-A9B433D84C69}.Release|Any CPU.ActiveCfg = Release|Any CPU
		{EA692623-5ECF-4D9B-AB14-A9B433D84C69}.Release|Any CPU.Build.0 = Release|Any CPU
		{F8A558D1-7D44-4BBF-8761-1EE2DC1CEB46}.Debug|Any CPU.ActiveCfg = Debug|Any CPU
		{F8A558D1-7D44-4BBF-8761-1EE2DC1CEB46}.Debug|Any CPU.Build.0 = Debug|Any CPU
		{F8A558D1-7D44-4BBF-8761-1EE2DC1CEB46}.Release|Any CPU.ActiveCfg = Release|Any CPU
		{F8A558D1-7D44-4BBF-8761-1EE2DC1CEB46}.Release|Any CPU.Build.0 = Release|Any CPU
		{3B7D45F5-9D7F-46EB-A9B2-FDC3E4196545}.Debug|Any CPU.ActiveCfg = Debug|Any CPU
		{3B7D45F5-9D7F-46EB-A9B2-FDC3E4196545}.Debug|Any CPU.Build.0 = Debug|Any CPU
		{3B7D45F5-9D7F-46EB-A9B2-FDC3E4196545}.Release|Any CPU.ActiveCfg = Release|Any CPU
		{3B7D45F5-9D7F-46EB-A9B2-FDC3E4196545}.Release|Any CPU.Build.0 = Release|Any CPU
		{D9AC316E-84A7-483F-B244-CDB9D26E22BB}.Debug|Any CPU.ActiveCfg = Debug|Any CPU
		{D9AC316E-84A7-483F-B244-CDB9D26E22BB}.Debug|Any CPU.Build.0 = Debug|Any CPU
		{D9AC316E-84A7-483F-B244-CDB9D26E22BB}.Release|Any CPU.ActiveCfg = Release|Any CPU
		{D9AC316E-84A7-483F-B244-CDB9D26E22BB}.Release|Any CPU.Build.0 = Release|Any CPU
		{6524944F-14C0-4549-B627-0D158A915C0D}.Debug|Any CPU.ActiveCfg = Debug|Any CPU
		{6524944F-14C0-4549-B627-0D158A915C0D}.Debug|Any CPU.Build.0 = Debug|Any CPU
		{6524944F-14C0-4549-B627-0D158A915C0D}.Release|Any CPU.ActiveCfg = Release|Any CPU
		{6524944F-14C0-4549-B627-0D158A915C0D}.Release|Any CPU.Build.0 = Release|Any CPU
		{4C27A7AC-83A1-409F-9E47-1527E914919C}.Debug|Any CPU.ActiveCfg = Debug|Any CPU
		{4C27A7AC-83A1-409F-9E47-1527E914919C}.Debug|Any CPU.Build.0 = Debug|Any CPU
		{4C27A7AC-83A1-409F-9E47-1527E914919C}.Release|Any CPU.ActiveCfg = Release|Any CPU
		{4C27A7AC-83A1-409F-9E47-1527E914919C}.Release|Any CPU.Build.0 = Release|Any CPU
		{004325A0-EB36-45E3-A052-7B81F3288E68}.Debug|Any CPU.ActiveCfg = Debug|Any CPU
		{004325A0-EB36-45E3-A052-7B81F3288E68}.Debug|Any CPU.Build.0 = Debug|Any CPU
		{004325A0-EB36-45E3-A052-7B81F3288E68}.Release|Any CPU.ActiveCfg = Release|Any CPU
		{004325A0-EB36-45E3-A052-7B81F3288E68}.Release|Any CPU.Build.0 = Release|Any CPU
		{F38449EA-B102-4775-8030-E6A798031344}.Debug|Any CPU.ActiveCfg = Debug|Any CPU
		{F38449EA-B102-4775-8030-E6A798031344}.Debug|Any CPU.Build.0 = Debug|Any CPU
		{F38449EA-B102-4775-8030-E6A798031344}.Release|Any CPU.ActiveCfg = Release|Any CPU
		{F38449EA-B102-4775-8030-E6A798031344}.Release|Any CPU.Build.0 = Release|Any CPU
		{6925FDA6-1913-4A79-9339-CBF544164B9E}.Debug|Any CPU.ActiveCfg = Debug|Any CPU
		{6925FDA6-1913-4A79-9339-CBF544164B9E}.Debug|Any CPU.Build.0 = Debug|Any CPU
		{6925FDA6-1913-4A79-9339-CBF544164B9E}.Release|Any CPU.ActiveCfg = Release|Any CPU
		{6925FDA6-1913-4A79-9339-CBF544164B9E}.Release|Any CPU.Build.0 = Release|Any CPU
		{A3C35C9B-2035-4AD3-83EF-68C81E98C3EC}.Debug|Any CPU.ActiveCfg = Debug|Any CPU
		{A3C35C9B-2035-4AD3-83EF-68C81E98C3EC}.Debug|Any CPU.Build.0 = Debug|Any CPU
		{A3C35C9B-2035-4AD3-83EF-68C81E98C3EC}.Release|Any CPU.ActiveCfg = Release|Any CPU
		{A3C35C9B-2035-4AD3-83EF-68C81E98C3EC}.Release|Any CPU.Build.0 = Release|Any CPU
		{AA269533-30BD-4A68-B9BD-D785DBF0526F}.Debug|Any CPU.ActiveCfg = Debug|Any CPU
		{AA269533-30BD-4A68-B9BD-D785DBF0526F}.Debug|Any CPU.Build.0 = Debug|Any CPU
		{AA269533-30BD-4A68-B9BD-D785DBF0526F}.Release|Any CPU.ActiveCfg = Release|Any CPU
		{AA269533-30BD-4A68-B9BD-D785DBF0526F}.Release|Any CPU.Build.0 = Release|Any CPU
		{EA6A4227-B34F-4686-843D-4C294ADF3484}.Debug|Any CPU.ActiveCfg = Debug|Any CPU
		{EA6A4227-B34F-4686-843D-4C294ADF3484}.Debug|Any CPU.Build.0 = Debug|Any CPU
		{EA6A4227-B34F-4686-843D-4C294ADF3484}.Release|Any CPU.ActiveCfg = Release|Any CPU
		{EA6A4227-B34F-4686-843D-4C294ADF3484}.Release|Any CPU.Build.0 = Release|Any CPU
		{1F39190E-028F-46CD-B682-8460AFA0BCF8}.Debug|Any CPU.ActiveCfg = Debug|Any CPU
		{1F39190E-028F-46CD-B682-8460AFA0BCF8}.Debug|Any CPU.Build.0 = Debug|Any CPU
		{1F39190E-028F-46CD-B682-8460AFA0BCF8}.Release|Any CPU.ActiveCfg = Release|Any CPU
		{1F39190E-028F-46CD-B682-8460AFA0BCF8}.Release|Any CPU.Build.0 = Release|Any CPU
		{F413F315-54F4-4673-80F3-DD32385A1AF8}.Debug|Any CPU.ActiveCfg = Debug|Any CPU
		{F413F315-54F4-4673-80F3-DD32385A1AF8}.Debug|Any CPU.Build.0 = Debug|Any CPU
		{F413F315-54F4-4673-80F3-DD32385A1AF8}.Release|Any CPU.ActiveCfg = Release|Any CPU
		{F413F315-54F4-4673-80F3-DD32385A1AF8}.Release|Any CPU.Build.0 = Release|Any CPU
		{AC99AE33-D5B1-40C1-9CC1-927283C97740}.Debug|Any CPU.ActiveCfg = Debug|Any CPU
		{AC99AE33-D5B1-40C1-9CC1-927283C97740}.Debug|Any CPU.Build.0 = Debug|Any CPU
		{AC99AE33-D5B1-40C1-9CC1-927283C97740}.Release|Any CPU.ActiveCfg = Release|Any CPU
		{AC99AE33-D5B1-40C1-9CC1-927283C97740}.Release|Any CPU.Build.0 = Release|Any CPU
		{BFC119CE-F5E7-47E5-9CD7-B81213EE7D03}.Debug|Any CPU.ActiveCfg = Debug|Any CPU
		{BFC119CE-F5E7-47E5-9CD7-B81213EE7D03}.Debug|Any CPU.Build.0 = Debug|Any CPU
		{BFC119CE-F5E7-47E5-9CD7-B81213EE7D03}.Release|Any CPU.ActiveCfg = Release|Any CPU
		{BFC119CE-F5E7-47E5-9CD7-B81213EE7D03}.Release|Any CPU.Build.0 = Release|Any CPU
	EndGlobalSection
	GlobalSection(SolutionProperties) = preSolution
		HideSolutionNode = FALSE
	EndGlobalSection
	GlobalSection(NestedProjects) = preSolution
		{EA6A4227-B34F-4686-843D-4C294ADF3484} = {B8B40DA7-A36C-424B-9C6E-63C19F6AA5A3}
		{1F39190E-028F-46CD-B682-8460AFA0BCF8} = {B8B40DA7-A36C-424B-9C6E-63C19F6AA5A3}
		{F413F315-54F4-4673-80F3-DD32385A1AF8} = {B8B40DA7-A36C-424B-9C6E-63C19F6AA5A3}
		{AC99AE33-D5B1-40C1-9CC1-927283C97740} = {B8B40DA7-A36C-424B-9C6E-63C19F6AA5A3}
		{BFC119CE-F5E7-47E5-9CD7-B81213EE7D03} = {B8B40DA7-A36C-424B-9C6E-63C19F6AA5A3}
	EndGlobalSection
	GlobalSection(ExtensibilityGlobals) = postSolution
		SolutionGuid = {F5042616-11BF-4D70-8DEB-9A20BB438D4C}
	EndGlobalSection
EndGlobal
